
Microsoft Visual Studio Solution File, Format Version 12.00
# Visual Studio Version 16
VisualStudioVersion = 16.0.31702.278
MinimumVisualStudioVersion = 10.0.40219.1
Project("{FAE04EC0-301F-11D3-BF4B-00C04F79EFBC}") = "EnumOpdracht", "EnumOpdracht\EnumOpdracht.csproj", "{9F47748C-23B6-4885-8A40-A87618C2E1EA}"
EndProject
Global
	GlobalSection(SolutionConfigurationPlatforms) = preSolution
		Debug|Any CPU = Debug|Any CPU
		Release|Any CPU = Release|Any CPU
	EndGlobalSection
	GlobalSection(ProjectConfigurationPlatforms) = postSolution
		{9F47748C-23B6-4885-8A40-A87618C2E1EA}.Debug|Any CPU.ActiveCfg = Debug|Any CPU
		{9F47748C-23B6-4885-8A40-A87618C2E1EA}.Debug|Any CPU.Build.0 = Debug|Any CPU
		{9F47748C-23B6-4885-8A40-A87618C2E1EA}.Release|Any CPU.ActiveCfg = Release|Any CPU
		{9F47748C-23B6-4885-8A40-A87618C2E1EA}.Release|Any CPU.Build.0 = Release|Any CPU
	EndGlobalSection
	GlobalSection(SolutionProperties) = preSolution
		HideSolutionNode = FALSE
	EndGlobalSection
	GlobalSection(ExtensibilityGlobals) = postSolution
		SolutionGuid = {B15E8E72-02F3-4B9A-AFB6-EEFDF45B7FD2}
	EndGlobalSection
EndGlobal
